
Microsoft Visual Studio Solution File, Format Version 12.00
# Visual Studio Version 17
VisualStudioVersion = 17.2.32519.379
MinimumVisualStudioVersion = 10.0.40219.1
Project("{9A19103F-16F7-4668-BE54-9A1E7A4F7556}") = "Assignment_True.Server", "Assignment_True\Server\Assignment_True.Server.csproj", "{FECFB9F4-A47D-4CAC-928C-FA6FC58EB23C}"
EndProject
Project("{9A19103F-16F7-4668-BE54-9A1E7A4F7556}") = "Assignment_True.Client", "Assignment_True\Client\Assignment_True.Client.csproj", "{159AEA48-59D6-4C64-95B3-A6B5FCFD4D1B}"
EndProject
Project("{9A19103F-16F7-4668-BE54-9A1E7A4F7556}") = "Assignment_True.Shared", "Assignment_True\Shared\Assignment_True.Shared.csproj", "{EE299211-B2A0-4ED9-B745-AFAFCD45BDF3}"
EndProject
Global
	GlobalSection(SolutionConfigurationPlatforms) = preSolution
		Debug|Any CPU = Debug|Any CPU
		Release|Any CPU = Release|Any CPU
	EndGlobalSection
	GlobalSection(ProjectConfigurationPlatforms) = postSolution
		{FECFB9F4-A47D-4CAC-928C-FA6FC58EB23C}.Debug|Any CPU.ActiveCfg = Debug|Any CPU
		{FECFB9F4-A47D-4CAC-928C-FA6FC58EB23C}.Debug|Any CPU.Build.0 = Debug|Any CPU
		{FECFB9F4-A47D-4CAC-928C-FA6FC58EB23C}.Release|Any CPU.ActiveCfg = Release|Any CPU
		{FECFB9F4-A47D-4CAC-928C-FA6FC58EB23C}.Release|Any CPU.Build.0 = Release|Any CPU
		{159AEA48-59D6-4C64-95B3-A6B5FCFD4D1B}.Debug|Any CPU.ActiveCfg = Debug|Any CPU
		{159AEA48-59D6-4C64-95B3-A6B5FCFD4D1B}.Debug|Any CPU.Build.0 = Debug|Any CPU
		{159AEA48-59D6-4C64-95B3-A6B5FCFD4D1B}.Release|Any CPU.ActiveCfg = Release|Any CPU
		{159AEA48-59D6-4C64-95B3-A6B5FCFD4D1B}.Release|Any CPU.Build.0 = Release|Any CPU
		{EE299211-B2A0-4ED9-B745-AFAFCD45BDF3}.Debug|Any CPU.ActiveCfg = Debug|Any CPU
		{EE299211-B2A0-4ED9-B745-AFAFCD45BDF3}.Debug|Any CPU.Build.0 = Debug|Any CPU
		{EE299211-B2A0-4ED9-B745-AFAFCD45BDF3}.Release|Any CPU.ActiveCfg = Release|Any CPU
		{EE299211-B2A0-4ED9-B745-AFAFCD45BDF3}.Release|Any CPU.Build.0 = Release|Any CPU
	EndGlobalSection
	GlobalSection(SolutionProperties) = preSolution
		HideSolutionNode = FALSE
	EndGlobalSection
	GlobalSection(ExtensibilityGlobals) = postSolution
		SolutionGuid = {4F8C773D-5029-485B-8D12-8EDB747503B2}
	EndGlobalSection
EndGlobal
